
Microsoft Visual Studio Solution File, Format Version 12.00
# Visual Studio Version 16
VisualStudioVersion = 16.0.31729.503
MinimumVisualStudioVersion = 10.0.40219.1
Project("{FAE04EC0-301F-11D3-BF4B-00C04F79EFBC}") = "EnvanterProgramıDeneme", "EnvanterProgramıDeneme\EnvanterProgramıDeneme.csproj", "{64AEAC9A-D3A3-45B2-9C78-9BB8E403B8BC}"
EndProject
Global
	GlobalSection(SolutionConfigurationPlatforms) = preSolution
		Debug|Any CPU = Debug|Any CPU
		Release|Any CPU = Release|Any CPU
	EndGlobalSection
	GlobalSection(ProjectConfigurationPlatforms) = postSolution
		{64AEAC9A-D3A3-45B2-9C78-9BB8E403B8BC}.Debug|Any CPU.ActiveCfg = Debug|Any CPU
		{64AEAC9A-D3A3-45B2-9C78-9BB8E403B8BC}.Debug|Any CPU.Build.0 = Debug|Any CPU
		{64AEAC9A-D3A3-45B2-9C78-9BB8E403B8BC}.Release|Any CPU.ActiveCfg = Release|Any CPU
		{64AEAC9A-D3A3-45B2-9C78-9BB8E403B8BC}.Release|Any CPU.Build.0 = Release|Any CPU
	EndGlobalSection
	GlobalSection(SolutionProperties) = preSolution
		HideSolutionNode = FALSE
	EndGlobalSection
	GlobalSection(ExtensibilityGlobals) = postSolution
		SolutionGuid = {435E001C-BFAA-4518-BB2C-80F221A3E20A}
	EndGlobalSection
EndGlobal
